// !$*UTF8*$!
{
	archiveVersion = 1;
	classes = {
	};
	objectVersion = 50;
	objects = {

/* Begin PBXBuildFile section */
		3F1213D42168B257009152ED /* AppDelegate.swift in Sources */ = {isa = PBXBuildFile; fileRef = 3F1213D32168B257009152ED /* AppDelegate.swift */; };
		3F1213DB2168B25F009152ED /* Assets.xcassets in Resources */ = {isa = PBXBuildFile; fileRef = 3F1213DA2168B25F009152ED /* Assets.xcassets */; };
		3F1213DE2168B25F009152ED /* LaunchScreen.storyboard in Resources */ = {isa = PBXBuildFile; fileRef = 3F1213DC2168B25F009152ED /* LaunchScreen.storyboard */; };
		3F1213E92168B25F009152ED /* ImgurGalleryTests.swift in Sources */ = {isa = PBXBuildFile; fileRef = 3F1213E82168B25F009152ED /* ImgurGalleryTests.swift */; };
		3F15909B2169FA2700E0A2C2 /* ApiManager.swift in Sources */ = {isa = PBXBuildFile; fileRef = 3F15909A2169FA2700E0A2C2 /* ApiManager.swift */; };
		3F1590A02169FD6E00E0A2C2 /* Settings.swift in Sources */ = {isa = PBXBuildFile; fileRef = 3F15909F2169FD6E00E0A2C2 /* Settings.swift */; };
		3F1590A2216A009B00E0A2C2 /* GalleryRequest.swift in Sources */ = {isa = PBXBuildFile; fileRef = 3F1590A1216A009B00E0A2C2 /* GalleryRequest.swift */; };
		3F1590A7216A129B00E0A2C2 /* network_settings.plist in Resources */ = {isa = PBXBuildFile; fileRef = 3F1590A5216A03D800E0A2C2 /* network_settings.plist */; };
		3F1590AC216A163800E0A2C2 /* IMGalleryRequestResult.swift in Sources */ = {isa = PBXBuildFile; fileRef = 3F1590AB216A163800E0A2C2 /* IMGalleryRequestResult.swift */; };
		3F1590AE216A165300E0A2C2 /* IMGallery.swift in Sources */ = {isa = PBXBuildFile; fileRef = 3F1590AD216A165300E0A2C2 /* IMGallery.swift */; };
		3F1590B0216A166A00E0A2C2 /* IMImage.swift in Sources */ = {isa = PBXBuildFile; fileRef = 3F1590AF216A166A00E0A2C2 /* IMImage.swift */; };
		3F1590C8216A210B00E0A2C2 /* MainViewController.swift in Sources */ = {isa = PBXBuildFile; fileRef = 3F1590C6216A210B00E0A2C2 /* MainViewController.swift */; };
		3F1590C9216A210B00E0A2C2 /* MainViewController.xib in Resources */ = {isa = PBXBuildFile; fileRef = 3F1590C7216A210B00E0A2C2 /* MainViewController.xib */; };
		3F1590CE216A272700E0A2C2 /* GalleriesService.swift in Sources */ = {isa = PBXBuildFile; fileRef = 3F1590CD216A272700E0A2C2 /* GalleriesService.swift */; };
		3F1590D0216A276900E0A2C2 /* GalleryModel.swift in Sources */ = {isa = PBXBuildFile; fileRef = 3F1590CF216A276900E0A2C2 /* GalleryModel.swift */; };
		3F1590D2216A2B0D00E0A2C2 /* ImageModel.swift in Sources */ = {isa = PBXBuildFile; fileRef = 3F1590D1216A2B0D00E0A2C2 /* ImageModel.swift */; };
		3F1590D5216A2CA300E0A2C2 /* UIViewController+Xib.swift in Sources */ = {isa = PBXBuildFile; fileRef = 3F1590D4216A2CA300E0A2C2 /* UIViewController+Xib.swift */; };
		3F1590D8216A365B00E0A2C2 /* GalleryCVC.swift in Sources */ = {isa = PBXBuildFile; fileRef = 3F1590D6216A365B00E0A2C2 /* GalleryCVC.swift */; };
		3F1590D9216A365B00E0A2C2 /* GalleryCVC.xib in Resources */ = {isa = PBXBuildFile; fileRef = 3F1590D7216A365B00E0A2C2 /* GalleryCVC.xib */; };
		3F1590DB216A466D00E0A2C2 /* ImageRequest.swift in Sources */ = {isa = PBXBuildFile; fileRef = 3F1590DA216A466D00E0A2C2 /* ImageRequest.swift */; };
		3F1590DD216A4EDD00E0A2C2 /* CollectionViewCustomLayout.swift in Sources */ = {isa = PBXBuildFile; fileRef = 3F1590DC216A4EDD00E0A2C2 /* CollectionViewCustomLayout.swift */; };
		3F1590DF216A522600E0A2C2 /* IMImageRequestResult.swift in Sources */ = {isa = PBXBuildFile; fileRef = 3F1590DE216A522600E0A2C2 /* IMImageRequestResult.swift */; };
		7E79BBFA216B39C1009E9307 /* Alamofire.framework in Frameworks */ = {isa = PBXBuildFile; fileRef = 3F1590BB216A1D2000E0A2C2 /* Alamofire.framework */; };
		7E79BBFC216B39E6009E9307 /* SDWebImage.framework in Embed Frameworks */ = {isa = PBXBuildFile; fileRef = 3F1590BD216A1D2C00E0A2C2 /* SDWebImage.framework */; settings = {ATTRIBUTES = (CodeSignOnCopy, RemoveHeadersOnCopy, ); }; };
		7E79BBFE216B39E6009E9307 /* Alamofire.framework in Embed Frameworks */ = {isa = PBXBuildFile; fileRef = 3F1590BB216A1D2000E0A2C2 /* Alamofire.framework */; settings = {ATTRIBUTES = (CodeSignOnCopy, RemoveHeadersOnCopy, ); }; };
		7E79BC00216B39E6009E9307 /* RxSwift.framework in Embed Frameworks */ = {isa = PBXBuildFile; fileRef = 3F1590B9216A1D1100E0A2C2 /* RxSwift.framework */; settings = {ATTRIBUTES = (CodeSignOnCopy, RemoveHeadersOnCopy, ); }; };
		7E9C5C18216BC50200B7C762 /* UIImageCachedLoader.swift in Sources */ = {isa = PBXBuildFile; fileRef = 7E9C5C17216BC50200B7C762 /* UIImageCachedLoader.swift */; };
		7E9C5C1A216BC99400B7C762 /* String+ContentType.swift in Sources */ = {isa = PBXBuildFile; fileRef = 7E9C5C19216BC99400B7C762 /* String+ContentType.swift */; };
		7E9C5C1C216BCBDD00B7C762 /* UIImageView+LoadingIndocator.swift in Sources */ = {isa = PBXBuildFile; fileRef = 7E9C5C1B216BCBDD00B7C762 /* UIImageView+LoadingIndocator.swift */; };
/* End PBXBuildFile section */

/* Begin PBXContainerItemProxy section */
		3F1213E52168B25F009152ED /* PBXContainerItemProxy */ = {
			isa = PBXContainerItemProxy;
			containerPortal = 3F1213C82168B257009152ED /* Project object */;
			proxyType = 1;
			remoteGlobalIDString = 3F1213CF2168B257009152ED;
			remoteInfo = ImgurGallery;
		};
/* End PBXContainerItemProxy section */

/* Begin PBXCopyFilesBuildPhase section */
		7E79BC01216B39E7009E9307 /* Embed Frameworks */ = {
			isa = PBXCopyFilesBuildPhase;
			buildActionMask = 2147483647;
			dstPath = "";
			dstSubfolderSpec = 10;
			files = (
				7E79BBFC216B39E6009E9307 /* SDWebImage.framework in Embed Frameworks */,
				7E79BBFE216B39E6009E9307 /* Alamofire.framework in Embed Frameworks */,
				7E79BC00216B39E6009E9307 /* RxSwift.framework in Embed Frameworks */,
			);
			name = "Embed Frameworks";
			runOnlyForDeploymentPostprocessing = 0;
		};
/* End PBXCopyFilesBuildPhase section */

/* Begin PBXFileReference section */
		3F1213D02168B257009152ED /* ImgurGallery.app */ = {isa = PBXFileReference; explicitFileType = wrapper.application; includeInIndex = 0; path = ImgurGallery.app; sourceTree = BUILT_PRODUCTS_DIR; };
		3F1213D32168B257009152ED /* AppDelegate.swift */ = {isa = PBXFileReference; lastKnownFileType = sourcecode.swift; path = AppDelegate.swift; sourceTree = "<group>"; };
		3F1213DA2168B25F009152ED /* Assets.xcassets */ = {isa = PBXFileReference; lastKnownFileType = folder.assetcatalog; path = Assets.xcassets; sourceTree = "<group>"; };
		3F1213DD2168B25F009152ED /* Base */ = {isa = PBXFileReference; lastKnownFileType = file.storyboard; name = Base; path = Base.lproj/LaunchScreen.storyboard; sourceTree = "<group>"; };
		3F1213DF2168B25F009152ED /* Info.plist */ = {isa = PBXFileReference; lastKnownFileType = text.plist.xml; path = Info.plist; sourceTree = "<group>"; };
		3F1213E42168B25F009152ED /* ImgurGalleryTests.xctest */ = {isa = PBXFileReference; explicitFileType = wrapper.cfbundle; includeInIndex = 0; path = ImgurGalleryTests.xctest; sourceTree = BUILT_PRODUCTS_DIR; };
		3F1213E82168B25F009152ED /* ImgurGalleryTests.swift */ = {isa = PBXFileReference; lastKnownFileType = sourcecode.swift; path = ImgurGalleryTests.swift; sourceTree = "<group>"; };
		3F1213EA2168B25F009152ED /* Info.plist */ = {isa = PBXFileReference; lastKnownFileType = text.plist.xml; path = Info.plist; sourceTree = "<group>"; };
		3F15909A2169FA2700E0A2C2 /* ApiManager.swift */ = {isa = PBXFileReference; fileEncoding = 4; lastKnownFileType = sourcecode.swift; path = ApiManager.swift; sourceTree = "<group>"; };
		3F15909F2169FD6E00E0A2C2 /* Settings.swift */ = {isa = PBXFileReference; lastKnownFileType = sourcecode.swift; path = Settings.swift; sourceTree = "<group>"; };
		3F1590A1216A009B00E0A2C2 /* GalleryRequest.swift */ = {isa = PBXFileReference; lastKnownFileType = sourcecode.swift; path = GalleryRequest.swift; sourceTree = "<group>"; };
		3F1590A5216A03D800E0A2C2 /* network_settings.plist */ = {isa = PBXFileReference; fileEncoding = 4; lastKnownFileType = text.plist.xml; name = network_settings.plist; path = ../../ImgurGalleryData/network_settings.plist; sourceTree = "<group>"; };
		3F1590AB216A163800E0A2C2 /* IMGalleryRequestResult.swift */ = {isa = PBXFileReference; lastKnownFileType = sourcecode.swift; path = IMGalleryRequestResult.swift; sourceTree = "<group>"; };
		3F1590AD216A165300E0A2C2 /* IMGallery.swift */ = {isa = PBXFileReference; lastKnownFileType = sourcecode.swift; path = IMGallery.swift; sourceTree = "<group>"; };
		3F1590AF216A166A00E0A2C2 /* IMImage.swift */ = {isa = PBXFileReference; lastKnownFileType = sourcecode.swift; path = IMImage.swift; sourceTree = "<group>"; };
		3F1590B9216A1D1100E0A2C2 /* RxSwift.framework */ = {isa = PBXFileReference; lastKnownFileType = wrapper.framework; name = RxSwift.framework; path = Carthage/Build/iOS/RxSwift.framework; sourceTree = "<group>"; };
		3F1590BB216A1D2000E0A2C2 /* Alamofire.framework */ = {isa = PBXFileReference; lastKnownFileType = wrapper.framework; name = Alamofire.framework; path = Carthage/Build/iOS/Alamofire.framework; sourceTree = "<group>"; };
		3F1590BD216A1D2C00E0A2C2 /* SDWebImage.framework */ = {isa = PBXFileReference; lastKnownFileType = wrapper.framework; name = SDWebImage.framework; path = Carthage/Build/iOS/SDWebImage.framework; sourceTree = "<group>"; };
		3F1590C6216A210B00E0A2C2 /* MainViewController.swift */ = {isa = PBXFileReference; lastKnownFileType = sourcecode.swift; path = MainViewController.swift; sourceTree = "<group>"; };
		3F1590C7216A210B00E0A2C2 /* MainViewController.xib */ = {isa = PBXFileReference; lastKnownFileType = file.xib; path = MainViewController.xib; sourceTree = "<group>"; };
		3F1590CD216A272700E0A2C2 /* GalleriesService.swift */ = {isa = PBXFileReference; lastKnownFileType = sourcecode.swift; path = GalleriesService.swift; sourceTree = "<group>"; };
		3F1590CF216A276900E0A2C2 /* GalleryModel.swift */ = {isa = PBXFileReference; lastKnownFileType = sourcecode.swift; path = GalleryModel.swift; sourceTree = "<group>"; };
		3F1590D1216A2B0D00E0A2C2 /* ImageModel.swift */ = {isa = PBXFileReference; lastKnownFileType = sourcecode.swift; path = ImageModel.swift; sourceTree = "<group>"; };
		3F1590D4216A2CA300E0A2C2 /* UIViewController+Xib.swift */ = {isa = PBXFileReference; lastKnownFileType = sourcecode.swift; path = "UIViewController+Xib.swift"; sourceTree = "<group>"; };
		3F1590D6216A365B00E0A2C2 /* GalleryCVC.swift */ = {isa = PBXFileReference; lastKnownFileType = sourcecode.swift; path = GalleryCVC.swift; sourceTree = "<group>"; };
		3F1590D7216A365B00E0A2C2 /* GalleryCVC.xib */ = {isa = PBXFileReference; lastKnownFileType = file.xib; path = GalleryCVC.xib; sourceTree = "<group>"; };
		3F1590DA216A466D00E0A2C2 /* ImageRequest.swift */ = {isa = PBXFileReference; lastKnownFileType = sourcecode.swift; path = ImageRequest.swift; sourceTree = "<group>"; };
		3F1590DC216A4EDD00E0A2C2 /* CollectionViewCustomLayout.swift */ = {isa = PBXFileReference; lastKnownFileType = sourcecode.swift; path = CollectionViewCustomLayout.swift; sourceTree = "<group>"; };
		3F1590DE216A522600E0A2C2 /* IMImageRequestResult.swift */ = {isa = PBXFileReference; lastKnownFileType = sourcecode.swift; path = IMImageRequestResult.swift; sourceTree = "<group>"; };
		7E9C5C17216BC50200B7C762 /* UIImageCachedLoader.swift */ = {isa = PBXFileReference; lastKnownFileType = sourcecode.swift; path = UIImageCachedLoader.swift; sourceTree = "<group>"; };
		7E9C5C19216BC99400B7C762 /* String+ContentType.swift */ = {isa = PBXFileReference; lastKnownFileType = sourcecode.swift; path = "String+ContentType.swift"; sourceTree = "<group>"; };
		7E9C5C1B216BCBDD00B7C762 /* UIImageView+LoadingIndocator.swift */ = {isa = PBXFileReference; lastKnownFileType = sourcecode.swift; path = "UIImageView+LoadingIndocator.swift"; sourceTree = "<group>"; };
/* End PBXFileReference section */

/* Begin PBXFrameworksBuildPhase section */
		3F1213CD2168B257009152ED /* Frameworks */ = {
			isa = PBXFrameworksBuildPhase;
			buildActionMask = 2147483647;
			files = (
				7E79BBFA216B39C1009E9307 /* Alamofire.framework in Frameworks */,
			);
			runOnlyForDeploymentPostprocessing = 0;
		};
		3F1213E12168B25F009152ED /* Frameworks */ = {
			isa = PBXFrameworksBuildPhase;
			buildActionMask = 2147483647;
			files = (
			);
			runOnlyForDeploymentPostprocessing = 0;
		};
/* End PBXFrameworksBuildPhase section */

/* Begin PBXGroup section */
		3F1213C72168B257009152ED = {
			isa = PBXGroup;
			children = (
				3F1213D22168B257009152ED /* ImgurGallery */,
				3F1213E72168B25F009152ED /* ImgurGalleryTests */,
				3F1213D12168B257009152ED /* Products */,
				3F1590B8216A1D1000E0A2C2 /* Frameworks */,
			);
			sourceTree = "<group>";
		};
		3F1213D12168B257009152ED /* Products */ = {
			isa = PBXGroup;
			children = (
				3F1213D02168B257009152ED /* ImgurGallery.app */,
				3F1213E42168B25F009152ED /* ImgurGalleryTests.xctest */,
			);
			name = Products;
			sourceTree = "<group>";
		};
		3F1213D22168B257009152ED /* ImgurGallery */ = {
			isa = PBXGroup;
			children = (
				3F1590D3216A2C9600E0A2C2 /* Extensions */,
				3F15909C2169FCFD00E0A2C2 /* Helpers */,
				3F1590AA216A162D00E0A2C2 /* Entities */,
				3F1590992169FA1400E0A2C2 /* Requests */,
				3F1590CC216A266700E0A2C2 /* Services */,
				3F1590CB216A265700E0A2C2 /* Models */,
				3F1590C5216A20C600E0A2C2 /* UI */,
				3F1213D32168B257009152ED /* AppDelegate.swift */,
				3F1213DA2168B25F009152ED /* Assets.xcassets */,
				3F1213DC2168B25F009152ED /* LaunchScreen.storyboard */,
				3F1213DF2168B25F009152ED /* Info.plist */,
				3F1590A5216A03D800E0A2C2 /* network_settings.plist */,
			);
			path = ImgurGallery;
			sourceTree = "<group>";
		};
		3F1213E72168B25F009152ED /* ImgurGalleryTests */ = {
			isa = PBXGroup;
			children = (
				3F1213E82168B25F009152ED /* ImgurGalleryTests.swift */,
				3F1213EA2168B25F009152ED /* Info.plist */,
			);
			path = ImgurGalleryTests;
			sourceTree = "<group>";
		};
		3F1590992169FA1400E0A2C2 /* Requests */ = {
			isa = PBXGroup;
			children = (
				3F15909A2169FA2700E0A2C2 /* ApiManager.swift */,
				3F1590A1216A009B00E0A2C2 /* GalleryRequest.swift */,
				3F1590DA216A466D00E0A2C2 /* ImageRequest.swift */,
			);
			path = Requests;
			sourceTree = "<group>";
		};
		3F15909C2169FCFD00E0A2C2 /* Helpers */ = {
			isa = PBXGroup;
			children = (
				3F15909F2169FD6E00E0A2C2 /* Settings.swift */,
				7E9C5C17216BC50200B7C762 /* UIImageCachedLoader.swift */,
			);
			path = Helpers;
			sourceTree = "<group>";
		};
		3F1590AA216A162D00E0A2C2 /* Entities */ = {
			isa = PBXGroup;
			children = (
				3F1590AB216A163800E0A2C2 /* IMGalleryRequestResult.swift */,
				3F1590DE216A522600E0A2C2 /* IMImageRequestResult.swift */,
				3F1590AD216A165300E0A2C2 /* IMGallery.swift */,
				3F1590AF216A166A00E0A2C2 /* IMImage.swift */,
			);
			path = Entities;
			sourceTree = "<group>";
		};
		3F1590B8216A1D1000E0A2C2 /* Frameworks */ = {
			isa = PBXGroup;
			children = (
				3F1590BD216A1D2C00E0A2C2 /* SDWebImage.framework */,
				3F1590BB216A1D2000E0A2C2 /* Alamofire.framework */,
				3F1590B9216A1D1100E0A2C2 /* RxSwift.framework */,
			);
			name = Frameworks;
			sourceTree = "<group>";
		};
		3F1590C5216A20C600E0A2C2 /* UI */ = {
			isa = PBXGroup;
			children = (
				3F1590DC216A4EDD00E0A2C2 /* CollectionViewCustomLayout.swift */,
				3F1590C6216A210B00E0A2C2 /* MainViewController.swift */,
				3F1590C7216A210B00E0A2C2 /* MainViewController.xib */,
				3F1590CA216A211B00E0A2C2 /* Cells */,
			);
			path = UI;
			sourceTree = "<group>";
		};
		3F1590CA216A211B00E0A2C2 /* Cells */ = {
			isa = PBXGroup;
			children = (
				3F1590D6216A365B00E0A2C2 /* GalleryCVC.swift */,
				3F1590D7216A365B00E0A2C2 /* GalleryCVC.xib */,
			);
			path = Cells;
			sourceTree = "<group>";
		};
		3F1590CB216A265700E0A2C2 /* Models */ = {
			isa = PBXGroup;
			children = (
				3F1590CF216A276900E0A2C2 /* GalleryModel.swift */,
				3F1590D1216A2B0D00E0A2C2 /* ImageModel.swift */,
			);
			path = Models;
			sourceTree = "<group>";
		};
		3F1590CC216A266700E0A2C2 /* Services */ = {
			isa = PBXGroup;
			children = (
				3F1590CD216A272700E0A2C2 /* GalleriesService.swift */,
			);
			path = Services;
			sourceTree = "<group>";
		};
		3F1590D3216A2C9600E0A2C2 /* Extensions */ = {
			isa = PBXGroup;
			children = (
				3F1590D4216A2CA300E0A2C2 /* UIViewController+Xib.swift */,
				7E9C5C19216BC99400B7C762 /* String+ContentType.swift */,
				7E9C5C1B216BCBDD00B7C762 /* UIImageView+LoadingIndocator.swift */,
			);
			path = Extensions;
			sourceTree = "<group>";
		};
/* End PBXGroup section */

/* Begin PBXNativeTarget section */
		3F1213CF2168B257009152ED /* ImgurGallery */ = {
			isa = PBXNativeTarget;
			buildConfigurationList = 3F1213ED2168B25F009152ED /* Build configuration list for PBXNativeTarget "ImgurGallery" */;
			buildPhases = (
				3F1213CC2168B257009152ED /* Sources */,
				3F1213CD2168B257009152ED /* Frameworks */,
				3F1213CE2168B257009152ED /* Resources */,
				7E79BC01216B39E7009E9307 /* Embed Frameworks */,
			);
			buildRules = (
			);
			dependencies = (
			);
			name = ImgurGallery;
			productName = ImgurGallery;
			productReference = 3F1213D02168B257009152ED /* ImgurGallery.app */;
			productType = "com.apple.product-type.application";
		};
		3F1213E32168B25F009152ED /* ImgurGalleryTests */ = {
			isa = PBXNativeTarget;
			buildConfigurationList = 3F1213F02168B25F009152ED /* Build configuration list for PBXNativeTarget "ImgurGalleryTests" */;
			buildPhases = (
				3F1213E02168B25F009152ED /* Sources */,
				3F1213E12168B25F009152ED /* Frameworks */,
				3F1213E22168B25F009152ED /* Resources */,
			);
			buildRules = (
			);
			dependencies = (
				3F1213E62168B25F009152ED /* PBXTargetDependency */,
			);
			name = ImgurGalleryTests;
			productName = ImgurGalleryTests;
			productReference = 3F1213E42168B25F009152ED /* ImgurGalleryTests.xctest */;
			productType = "com.apple.product-type.bundle.unit-test";
		};
/* End PBXNativeTarget section */

/* Begin PBXProject section */
		3F1213C82168B257009152ED /* Project object */ = {
			isa = PBXProject;
			attributes = {
				LastSwiftUpdateCheck = 0940;
				LastUpgradeCheck = 0940;
				ORGANIZATIONNAME = "Evgeniya Mikhailova";
				TargetAttributes = {
					3F1213CF2168B257009152ED = {
						CreatedOnToolsVersion = 9.4.1;
					};
					3F1213E32168B25F009152ED = {
						CreatedOnToolsVersion = 9.4.1;
						TestTargetID = 3F1213CF2168B257009152ED;
					};
				};
			};
			buildConfigurationList = 3F1213CB2168B257009152ED /* Build configuration list for PBXProject "ImgurGallery" */;
			compatibilityVersion = "Xcode 9.3";
			developmentRegion = en;
			hasScannedForEncodings = 0;
			knownRegions = (
				en,
				Base,
			);
			mainGroup = 3F1213C72168B257009152ED;
			productRefGroup = 3F1213D12168B257009152ED /* Products */;
			projectDirPath = "";
			projectRoot = "";
			targets = (
				3F1213CF2168B257009152ED /* ImgurGallery */,
				3F1213E32168B25F009152ED /* ImgurGalleryTests */,
			);
		};
/* End PBXProject section */

/* Begin PBXResourcesBuildPhase section */
		3F1213CE2168B257009152ED /* Resources */ = {
			isa = PBXResourcesBuildPhase;
			buildActionMask = 2147483647;
			files = (
				3F1213DE2168B25F009152ED /* LaunchScreen.storyboard in Resources */,
				3F1213DB2168B25F009152ED /* Assets.xcassets in Resources */,
				3F1590D9216A365B00E0A2C2 /* GalleryCVC.xib in Resources */,
				3F1590C9216A210B00E0A2C2 /* MainViewController.xib in Resources */,
				3F1590A7216A129B00E0A2C2 /* network_settings.plist in Resources */,
			);
			runOnlyForDeploymentPostprocessing = 0;
		};
		3F1213E22168B25F009152ED /* Resources */ = {
			isa = PBXResourcesBuildPhase;
			buildActionMask = 2147483647;
			files = (
			);
			runOnlyForDeploymentPostprocessing = 0;
		};
/* End PBXResourcesBuildPhase section */

/* Begin PBXSourcesBuildPhase section */
		3F1213CC2168B257009152ED /* Sources */ = {
			isa = PBXSourcesBuildPhase;
			buildActionMask = 2147483647;
			files = (
				7E9C5C18216BC50200B7C762 /* UIImageCachedLoader.swift in Sources */,
				3F1590D2216A2B0D00E0A2C2 /* ImageModel.swift in Sources */,
				3F1590AE216A165300E0A2C2 /* IMGallery.swift in Sources */,
				3F1590B0216A166A00E0A2C2 /* IMImage.swift in Sources */,
				3F1590A2216A009B00E0A2C2 /* GalleryRequest.swift in Sources */,
				3F1590AC216A163800E0A2C2 /* IMGalleryRequestResult.swift in Sources */,
				7E9C5C1C216BCBDD00B7C762 /* UIImageView+LoadingIndocator.swift in Sources */,
				3F1590DB216A466D00E0A2C2 /* ImageRequest.swift in Sources */,
				3F1590DF216A522600E0A2C2 /* IMImageRequestResult.swift in Sources */,
				3F1590D0216A276900E0A2C2 /* GalleryModel.swift in Sources */,
				3F15909B2169FA2700E0A2C2 /* ApiManager.swift in Sources */,
				3F1590DD216A4EDD00E0A2C2 /* CollectionViewCustomLayout.swift in Sources */,
				3F1590CE216A272700E0A2C2 /* GalleriesService.swift in Sources */,
				3F1590D8216A365B00E0A2C2 /* GalleryCVC.swift in Sources */,
				3F1590D5216A2CA300E0A2C2 /* UIViewController+Xib.swift in Sources */,
				7E9C5C1A216BC99400B7C762 /* String+ContentType.swift in Sources */,
				3F1590C8216A210B00E0A2C2 /* MainViewController.swift in Sources */,
				3F1590A02169FD6E00E0A2C2 /* Settings.swift in Sources */,
				3F1213D42168B257009152ED /* AppDelegate.swift in Sources */,
			);
			runOnlyForDeploymentPostprocessing = 0;
		};
		3F1213E02168B25F009152ED /* Sources */ = {
			isa = PBXSourcesBuildPhase;
			buildActionMask = 2147483647;
			files = (
				3F1213E92168B25F009152ED /* ImgurGalleryTests.swift in Sources */,
			);
			runOnlyForDeploymentPostprocessing = 0;
		};
/* End PBXSourcesBuildPhase section */

/* Begin PBXTargetDependency section */
		3F1213E62168B25F009152ED /* PBXTargetDependency */ = {
			isa = PBXTargetDependency;
			target = 3F1213CF2168B257009152ED /* ImgurGallery */;
			targetProxy = 3F1213E52168B25F009152ED /* PBXContainerItemProxy */;
		};
/* End PBXTargetDependency section */

/* Begin PBXVariantGroup section */
		3F1213DC2168B25F009152ED /* LaunchScreen.storyboard */ = {
			isa = PBXVariantGroup;
			children = (
				3F1213DD2168B25F009152ED /* Base */,
			);
			name = LaunchScreen.storyboard;
			sourceTree = "<group>";
		};
/* End PBXVariantGroup section */

/* Begin XCBuildConfiguration section */
		3F1213EB2168B25F009152ED /* Debug */ = {
			isa = XCBuildConfiguration;
			buildSettings = {
				ALWAYS_SEARCH_USER_PATHS = NO;
				CLANG_ANALYZER_NONNULL = YES;
				CLANG_ANALYZER_NUMBER_OBJECT_CONVERSION = YES_AGGRESSIVE;
				CLANG_CXX_LANGUAGE_STANDARD = "gnu++14";
				CLANG_CXX_LIBRARY = "libc++";
				CLANG_ENABLE_MODULES = YES;
				CLANG_ENABLE_OBJC_ARC = YES;
				CLANG_ENABLE_OBJC_WEAK = YES;
				CLANG_WARN_BLOCK_CAPTURE_AUTORELEASING = YES;
				CLANG_WARN_BOOL_CONVERSION = YES;
				CLANG_WARN_COMMA = YES;
				CLANG_WARN_CONSTANT_CONVERSION = YES;
				CLANG_WARN_DEPRECATED_OBJC_IMPLEMENTATIONS = YES;
				CLANG_WARN_DIRECT_OBJC_ISA_USAGE = YES_ERROR;
				CLANG_WARN_DOCUMENTATION_COMMENTS = YES;
				CLANG_WARN_EMPTY_BODY = YES;
				CLANG_WARN_ENUM_CONVERSION = YES;
				CLANG_WARN_INFINITE_RECURSION = YES;
				CLANG_WARN_INT_CONVERSION = YES;
				CLANG_WARN_NON_LITERAL_NULL_CONVERSION = YES;
				CLANG_WARN_OBJC_IMPLICIT_RETAIN_SELF = YES;
				CLANG_WARN_OBJC_LITERAL_CONVERSION = YES;
				CLANG_WARN_OBJC_ROOT_CLASS = YES_ERROR;
				CLANG_WARN_RANGE_LOOP_ANALYSIS = YES;
				CLANG_WARN_STRICT_PROTOTYPES = YES;
				CLANG_WARN_SUSPICIOUS_MOVE = YES;
				CLANG_WARN_UNGUARDED_AVAILABILITY = YES_AGGRESSIVE;
				CLANG_WARN_UNREACHABLE_CODE = YES;
				CLANG_WARN__DUPLICATE_METHOD_MATCH = YES;
				CODE_SIGN_IDENTITY = "iPhone Developer";
				COPY_PHASE_STRIP = NO;
				DEBUG_INFORMATION_FORMAT = dwarf;
				ENABLE_STRICT_OBJC_MSGSEND = YES;
				ENABLE_TESTABILITY = YES;
				GCC_C_LANGUAGE_STANDARD = gnu11;
				GCC_DYNAMIC_NO_PIC = NO;
				GCC_NO_COMMON_BLOCKS = YES;
				GCC_OPTIMIZATION_LEVEL = 0;
				GCC_PREPROCESSOR_DEFINITIONS = (
					"DEBUG=1",
					"$(inherited)",
				);
				GCC_WARN_64_TO_32_BIT_CONVERSION = YES;
				GCC_WARN_ABOUT_RETURN_TYPE = YES_ERROR;
				GCC_WARN_UNDECLARED_SELECTOR = YES;
				GCC_WARN_UNINITIALIZED_AUTOS = YES_AGGRESSIVE;
				GCC_WARN_UNUSED_FUNCTION = YES;
				GCC_WARN_UNUSED_VARIABLE = YES;
				IPHONEOS_DEPLOYMENT_TARGET = 11.4;
				MTL_ENABLE_DEBUG_INFO = YES;
				ONLY_ACTIVE_ARCH = YES;
				SDKROOT = iphoneos;
				SWIFT_ACTIVE_COMPILATION_CONDITIONS = DEBUG;
				SWIFT_OPTIMIZATION_LEVEL = "-Onone";
			};
			name = Debug;
		};
		3F1213EC2168B25F009152ED /* Release */ = {
			isa = XCBuildConfiguration;
			buildSettings = {
				ALWAYS_SEARCH_USER_PATHS = NO;
				CLANG_ANALYZER_NONNULL = YES;
				CLANG_ANALYZER_NUMBER_OBJECT_CONVERSION = YES_AGGRESSIVE;
				CLANG_CXX_LANGUAGE_STANDARD = "gnu++14";
				CLANG_CXX_LIBRARY = "libc++";
				CLANG_ENABLE_MODULES = YES;
				CLANG_ENABLE_OBJC_ARC = YES;
				CLANG_ENABLE_OBJC_WEAK = YES;
				CLANG_WARN_BLOCK_CAPTURE_AUTORELEASING = YES;
				CLANG_WARN_BOOL_CONVERSION = YES;
				CLANG_WARN_COMMA = YES;
				CLANG_WARN_CONSTANT_CONVERSION = YES;
				CLANG_WARN_DEPRECATED_OBJC_IMPLEMENTATIONS = YES;
				CLANG_WARN_DIRECT_OBJC_ISA_USAGE = YES_ERROR;
				CLANG_WARN_DOCUMENTATION_COMMENTS = YES;
				CLANG_WARN_EMPTY_BODY = YES;
				CLANG_WARN_ENUM_CONVERSION = YES;
				CLANG_WARN_INFINITE_RECURSION = YES;
				CLANG_WARN_INT_CONVERSION = YES;
				CLANG_WARN_NON_LITERAL_NULL_CONVERSION = YES;
				CLANG_WARN_OBJC_IMPLICIT_RETAIN_SELF = YES;
				CLANG_WARN_OBJC_LITERAL_CONVERSION = YES;
				CLANG_WARN_OBJC_ROOT_CLASS = YES_ERROR;
				CLANG_WARN_RANGE_LOOP_ANALYSIS = YES;
				CLANG_WARN_STRICT_PROTOTYPES = YES;
				CLANG_WARN_SUSPICIOUS_MOVE = YES;
				CLANG_WARN_UNGUARDED_AVAILABILITY = YES_AGGRESSIVE;
				CLANG_WARN_UNREACHABLE_CODE = YES;
				CLANG_WARN__DUPLICATE_METHOD_MATCH = YES;
				CODE_SIGN_IDENTITY = "iPhone Developer";
				COPY_PHASE_STRIP = NO;
				DEBUG_INFORMATION_FORMAT = "dwarf-with-dsym";
				ENABLE_NS_ASSERTIONS = NO;
				ENABLE_STRICT_OBJC_MSGSEND = YES;
				GCC_C_LANGUAGE_STANDARD = gnu11;
				GCC_NO_COMMON_BLOCKS = YES;
				GCC_WARN_64_TO_32_BIT_CONVERSION = YES;
				GCC_WARN_ABOUT_RETURN_TYPE = YES_ERROR;
				GCC_WARN_UNDECLARED_SELECTOR = YES;
				GCC_WARN_UNINITIALIZED_AUTOS = YES_AGGRESSIVE;
				GCC_WARN_UNUSED_FUNCTION = YES;
				GCC_WARN_UNUSED_VARIABLE = YES;
				IPHONEOS_DEPLOYMENT_TARGET = 11.4;
				MTL_ENABLE_DEBUG_INFO = NO;
				SDKROOT = iphoneos;
				SWIFT_COMPILATION_MODE = wholemodule;
				SWIFT_OPTIMIZATION_LEVEL = "-O";
				VALIDATE_PRODUCT = YES;
			};
			name = Release;
		};
		3F1213EE2168B25F009152ED /* Debug */ = {
			isa = XCBuildConfiguration;
			buildSettings = {
				ASSETCATALOG_COMPILER_APPICON_NAME = AppIcon;
				CODE_SIGN_STYLE = Automatic;
				DEVELOPMENT_TEAM = 9377R37M3Q;
				FRAMEWORK_SEARCH_PATHS = (
					"$(inherited)",
					"$(PROJECT_DIR)/Carthage/Build/iOS",
				);
				INFOPLIST_FILE = ImgurGallery/Info.plist;
				LD_RUNPATH_SEARCH_PATHS = (
					"$(inherited)",
					"@executable_path/Frameworks",
				);
				PRODUCT_BUNDLE_IDENTIFIER = com.emikhailova.ImgurGallery;
				PRODUCT_NAME = "$(TARGET_NAME)";
				SWIFT_VERSION = 4.2;
				TARGETED_DEVICE_FAMILY = "1,2";
			};
			name = Debug;
		};
		3F1213EF2168B25F009152ED /* Release */ = {
			isa = XCBuildConfiguration;
			buildSettings = {
				ASSETCATALOG_COMPILER_APPICON_NAME = AppIcon;
				CODE_SIGN_STYLE = Automatic;
				DEVELOPMENT_TEAM = 9377R37M3Q;
				FRAMEWORK_SEARCH_PATHS = (
					"$(inherited)",
					"$(PROJECT_DIR)/Carthage/Build/iOS",
				);
				INFOPLIST_FILE = ImgurGallery/Info.plist;
				LD_RUNPATH_SEARCH_PATHS = (
					"$(inherited)",
					"@executable_path/Frameworks",
				);
				PRODUCT_BUNDLE_IDENTIFIER = com.emikhailova.ImgurGallery;
				PRODUCT_NAME = "$(TARGET_NAME)";
				SWIFT_VERSION = 4.2;
				TARGETED_DEVICE_FAMILY = "1,2";
			};
			name = Release;
		};
		3F1213F12168B25F009152ED /* Debug */ = {
			isa = XCBuildConfiguration;
			buildSettings = {
				ALWAYS_EMBED_SWIFT_STANDARD_LIBRARIES = YES;
				BUNDLE_LOADER = "$(TEST_HOST)";
				CODE_SIGN_STYLE = Automatic;
				DEVELOPMENT_TEAM = 9377R37M3Q;
				INFOPLIST_FILE = ImgurGalleryTests/Info.plist;
				LD_RUNPATH_SEARCH_PATHS = (
					"$(inherited)",
					"@executable_path/Frameworks",
					"@loader_path/Frameworks",
				);
				PRODUCT_BUNDLE_IDENTIFIER = com.emikhailova.ImgurGalleryTests;
				PRODUCT_NAME = "$(TARGET_NAME)";
				SWIFT_VERSION = 4.0;
				TARGETED_DEVICE_FAMILY = "1,2";
				TEST_HOST = "$(BUILT_PRODUCTS_DIR)/ImgurGallery.app/ImgurGallery";
			};
			name = Debug;
		};
		3F1213F22168B25F009152ED /* Release */ = {
			isa = XCBuildConfiguration;
			buildSettings = {
				ALWAYS_EMBED_SWIFT_STANDARD_LIBRARIES = YES;
				BUNDLE_LOADER = "$(TEST_HOST)";
				CODE_SIGN_STYLE = Automatic;
				DEVELOPMENT_TEAM = 9377R37M3Q;
				INFOPLIST_FILE = ImgurGalleryTests/Info.plist;
				LD_RUNPATH_SEARCH_PATHS = (
					"$(inherited)",
					"@executable_path/Frameworks",
					"@loader_path/Frameworks",
				);
				PRODUCT_BUNDLE_IDENTIFIER = com.emikhailova.ImgurGalleryTests;
				PRODUCT_NAME = "$(TARGET_NAME)";
				SWIFT_VERSION = 4.0;
				TARGETED_DEVICE_FAMILY = "1,2";
				TEST_HOST = "$(BUILT_PRODUCTS_DIR)/ImgurGallery.app/ImgurGallery";
			};
			name = Release;
		};
/* End XCBuildConfiguration section */

/* Begin XCConfigurationList section */
		3F1213CB2168B257009152ED /* Build configuration list for PBXProject "ImgurGallery" */ = {
			isa = XCConfigurationList;
			buildConfigurations = (
				3F1213EB2168B25F009152ED /* Debug */,
				3F1213EC2168B25F009152ED /* Release */,
			);
			defaultConfigurationIsVisible = 0;
			defaultConfigurationName = Release;
		};
		3F1213ED2168B25F009152ED /* Build configuration list for PBXNativeTarget "ImgurGallery" */ = {
			isa = XCConfigurationList;
			buildConfigurations = (
				3F1213EE2168B25F009152ED /* Debug */,
				3F1213EF2168B25F009152ED /* Release */,
			);
			defaultConfigurationIsVisible = 0;
			defaultConfigurationName = Release;
		};
		3F1213F02168B25F009152ED /* Build configuration list for PBXNativeTarget "ImgurGalleryTests" */ = {
			isa = XCConfigurationList;
			buildConfigurations = (
				3F1213F12168B25F009152ED /* Debug */,
				3F1213F22168B25F009152ED /* Release */,
			);
			defaultConfigurationIsVisible = 0;
			defaultConfigurationName = Release;
		};
/* End XCConfigurationList section */
	};
	rootObject = 3F1213C82168B257009152ED /* Project object */;
}
